
Microsoft Visual Studio Solution File, Format Version 12.00
# Visual Studio Version 17
VisualStudioVersion = 17.11.35303.130
MinimumVisualStudioVersion = 10.0.40219.1
Project("{FAE04EC0-301F-11D3-BF4B-00C04F79EFBC}") = "sz3", "sz3.csproj", "{8D184EEF-D914-439A-8412-66CF929B7FA4}"
EndProject
Global
	GlobalSection(SolutionConfigurationPlatforms) = preSolution
		Debug|Any CPU = Debug|Any CPU
		Release|Any CPU = Release|Any CPU
	EndGlobalSection
	GlobalSection(ProjectConfigurationPlatforms) = postSolution
		{8D184EEF-D914-439A-8412-66CF929B7FA4}.Debug|Any CPU.ActiveCfg = Debug|Any CPU
		{8D184EEF-D914-439A-8412-66CF929B7FA4}.Debug|Any CPU.Build.0 = Debug|Any CPU
		{8D184EEF-D914-439A-8412-66CF929B7FA4}.Release|Any CPU.ActiveCfg = Release|Any CPU
		{8D184EEF-D914-439A-8412-66CF929B7FA4}.Release|Any CPU.Build.0 = Release|Any CPU
	EndGlobalSection
	GlobalSection(SolutionProperties) = preSolution
		HideSolutionNode = FALSE
	EndGlobalSection
	GlobalSection(ExtensibilityGlobals) = postSolution
		SolutionGuid = {004A8651-BB88-4C2A-A644-EC6983868791}
	EndGlobalSection
EndGlobal
